
Microsoft Visual Studio Solution File, Format Version 12.00
# Visual Studio Version 17
VisualStudioVersion = 17.10.35013.160
MinimumVisualStudioVersion = 10.0.40219.1
Project("{FAE04EC0-301F-11D3-BF4B-00C04F79EFBC}") = "MatchGame", "MatchGame\MatchGame.csproj", "{4028FB74-1534-4ACC-95EC-3CEEE0270D70}"
EndProject
Global
	GlobalSection(SolutionConfigurationPlatforms) = preSolution
		Debug|Any CPU = Debug|Any CPU
		Release|Any CPU = Release|Any CPU
	EndGlobalSection
	GlobalSection(ProjectConfigurationPlatforms) = postSolution
		{4028FB74-1534-4ACC-95EC-3CEEE0270D70}.Debug|Any CPU.ActiveCfg = Debug|Any CPU
		{4028FB74-1534-4ACC-95EC-3CEEE0270D70}.Debug|Any CPU.Build.0 = Debug|Any CPU
		{4028FB74-1534-4ACC-95EC-3CEEE0270D70}.Release|Any CPU.ActiveCfg = Release|Any CPU
		{4028FB74-1534-4ACC-95EC-3CEEE0270D70}.Release|Any CPU.Build.0 = Release|Any CPU
	EndGlobalSection
	GlobalSection(SolutionProperties) = preSolution
		HideSolutionNode = FALSE
	EndGlobalSection
	GlobalSection(ExtensibilityGlobals) = postSolution
		SolutionGuid = {BD2D25F8-5A8F-4810-93A0-F965D05BFDAD}
	EndGlobalSection
EndGlobal
